
Microsoft Visual Studio Solution File, Format Version 12.00
# Visual Studio Version 17
VisualStudioVersion = 17.8.34525.116
MinimumVisualStudioVersion = 10.0.40219.1
Project("{FAE04EC0-301F-11D3-BF4B-00C04F79EFBC}") = "Partner_API", "Partner_API.csproj", "{19586DD0-D45D-4941-82BF-70A40DAD1412}"
EndProject
Global
	GlobalSection(SolutionConfigurationPlatforms) = preSolution
		Debug|Any CPU = Debug|Any CPU
		Release|Any CPU = Release|Any CPU
	EndGlobalSection
	GlobalSection(ProjectConfigurationPlatforms) = postSolution
		{19586DD0-D45D-4941-82BF-70A40DAD1412}.Debug|Any CPU.ActiveCfg = Debug|Any CPU
		{19586DD0-D45D-4941-82BF-70A40DAD1412}.Debug|Any CPU.Build.0 = Debug|Any CPU
		{19586DD0-D45D-4941-82BF-70A40DAD1412}.Release|Any CPU.ActiveCfg = Release|Any CPU
		{19586DD0-D45D-4941-82BF-70A40DAD1412}.Release|Any CPU.Build.0 = Release|Any CPU
	EndGlobalSection
	GlobalSection(SolutionProperties) = preSolution
		HideSolutionNode = FALSE
	EndGlobalSection
	GlobalSection(ExtensibilityGlobals) = postSolution
		SolutionGuid = {09BF552B-A472-41D8-8372-9FDF2A93CAC2}
	EndGlobalSection
EndGlobal
